{
  "requires": true,
  "lockfileVersion": 1,
  "dependencies": {
    "angular-expressions": {
      "version": "1.1.3",
      "resolved": "https://registry.npmjs.org/angular-expressions/-/angular-expressions-1.1.3.tgz",
      "integrity": "sha512-PpVLZq1V5hgxVj63GOMYuV4h286Ff/UtI55r2FYEMwJ/4pHRLAiKS/6YzmK4cSsKBx/glhn/zgJjSvwTGgPmkQ=="
    },
    "docxtemplater": {
      "version": "3.21.1",
      "resolved": "https://registry.npmjs.org/docxtemplater/-/docxtemplater-3.21.1.tgz",
      "integrity": "sha512-2YDFFMtmQpIm9V5jcmytWMc9Hnuob0EQFzVYuJhNm42mvQcBrRkPtf/T3S5B2+2ZVgNrYv+P0H07LKT3sM9xmg==",
      "requires": {
        "xmldom": "^0.5.0"
      },
      "dependencies": {
        "xmldom": {
          "version": "0.5.0",
          "resolved": "https://registry.npmjs.org/xmldom/-/xmldom-0.5.0.tgz",
          "integrity": "sha512-Foaj5FXVzgn7xFzsKeNIde9g6aFBxTPi37iwsno8QvApmtg7KYrr+OPyRHcJF7dud2a5nGRBXK3n0dL62Gf7PA=="
        }
      }
    },
    "docxtemplater-image-module-free": {
      "version": "1.1.1",
      "resolved": "https://registry.npmjs.org/docxtemplater-image-module-free/-/docxtemplater-image-module-free-1.1.1.tgz",
      "integrity": "sha512-aWOzVQN7ggDYjfoy3pTTNrcrZ7/CJrQcI9cT+hmyHE6nRLR67nt5yPFPe9hm9VWbfYIED2fi+3itOnF0TE/RWQ==",
      "requires": {
        "xmldom": "^0.1.27"
      }
    },
    "echarts-stat": {
      "version": "1.2.0",
      "resolved": "https://registry.npmjs.org/echarts-stat/-/echarts-stat-1.2.0.tgz",
      "integrity": "sha512-zLd7Kgs+tuTSeaK0VQEMNmnMivEkhvHIk1gpBtLzpRerfcIQ+Bd5XudOMmtwpaTc1WDZbA7d1V//iiBccR46Qg=="
    },
    "xmldom": {
      "version": "0.1.31",
      "resolved": "https://registry.npmjs.org/xmldom/-/xmldom-0.1.31.tgz",
      "integrity": "sha512-yS2uJflVQs6n+CyjHoaBmVSqIDevTAWrzMmjG1Gc7h1qQ7uVozNhEPJAwZXWyGQ/Gafo3fCwrcaokezLPupVyQ=="
    }
  }
}
